// !$*UTF8*$!
{
	archiveVersion = 1;
	classes = {
	};
	objectVersion = 48;
	objects = {

/* Begin PBXBuildFile section */
		BD4BEDC22063B93D00842DDA /* AppDelegate.swift in Sources */ = {isa = PBXBuildFile; fileRef = BD4BEDC12063B93D00842DDA /* AppDelegate.swift */; };
		BD4BEDC42063B93D00842DDA /* ViewController.swift in Sources */ = {isa = PBXBuildFile; fileRef = BD4BEDC32063B93D00842DDA /* ViewController.swift */; };
		BD4BEDC72063B93D00842DDA /* Main.storyboard in Resources */ = {isa = PBXBuildFile; fileRef = BD4BEDC52063B93D00842DDA /* Main.storyboard */; };
		BD4BEDC92063B93D00842DDA /* Assets.xcassets in Resources */ = {isa = PBXBuildFile; fileRef = BD4BEDC82063B93D00842DDA /* Assets.xcassets */; };
		BD4BEDCC2063B93D00842DDA /* LaunchScreen.storyboard in Resources */ = {isa = PBXBuildFile; fileRef = BD4BEDCA2063B93D00842DDA /* LaunchScreen.storyboard */; };
		BD9AFB942064FFA20046EE88 /* HITChartSwift.framework in Frameworks */ = {isa = PBXBuildFile; fileRef = BD9AFB952064FFA20046EE88 /* HITChartSwift.framework */; };
/* End PBXBuildFile section */

/* Begin PBXFileReference section */
		BD4BEDBE2063B93D00842DDA /* HITChartSwiftSample.app */ = {isa = PBXFileReference; explicitFileType = wrapper.application; includeInIndex = 0; path = HITChartSwiftSample.app; sourceTree = BUILT_PRODUCTS_DIR; };
		BD4BEDC12063B93D00842DDA /* AppDelegate.swift */ = {isa = PBXFileReference; lastKnownFileType = sourcecode.swift; path = AppDelegate.swift; sourceTree = "<group>"; };
		BD4BEDC32063B93D00842DDA /* ViewController.swift */ = {isa = PBXFileReference; lastKnownFileType = sourcecode.swift; path = ViewController.swift; sourceTree = "<group>"; };
		BD4BEDC62063B93D00842DDA /* Base */ = {isa = PBXFileReference; lastKnownFileType = file.storyboard; name = Base; path = Base.lproj/Main.storyboard; sourceTree = "<group>"; };
		BD4BEDC82063B93D00842DDA /* Assets.xcassets */ = {isa = PBXFileReference; lastKnownFileType = folder.assetcatalog; path = Assets.xcassets; sourceTree = "<group>"; };
		BD4BEDCB2063B93D00842DDA /* Base */ = {isa = PBXFileReference; lastKnownFileType = file.storyboard; name = Base; path = Base.lproj/LaunchScreen.storyboard; sourceTree = "<group>"; };
		BD4BEDCD2063B93D00842DDA /* Info.plist */ = {isa = PBXFileReference; lastKnownFileType = text.plist.xml; path = Info.plist; sourceTree = "<group>"; };
		BD9AFB952064FFA20046EE88 /* HITChartSwift.framework */ = {isa = PBXFileReference; explicitFileType = wrapper.framework; path = HITChartSwift.framework; sourceTree = BUILT_PRODUCTS_DIR; };
/* End PBXFileReference section */

/* Begin PBXFrameworksBuildPhase section */
		BD4BEDBB2063B93D00842DDA /* Frameworks */ = {
			isa = PBXFrameworksBuildPhase;
			buildActionMask = 2147483647;
			files = (
				BD9AFB942064FFA20046EE88 /* HITChartSwift.framework in Frameworks */,
			);
			runOnlyForDeploymentPostprocessing = 0;
		};
/* End PBXFrameworksBuildPhase section */

/* Begin PBXGroup section */
		BD4BEDB52063B93D00842DDA = {
			isa = PBXGroup;
			children = (
				BD4BEDC02063B93D00842DDA /* HITChartSwiftSample */,
				BD4BEDBF2063B93D00842DDA /* Products */,
				BDD0726A2064B7FB00D9884F /* Frameworks */,
			);
			sourceTree = "<group>";
		};
		BD4BEDBF2063B93D00842DDA /* Products */ = {
			isa = PBXGroup;
			children = (
				BD4BEDBE2063B93D00842DDA /* HITChartSwiftSample.app */,
			);
			name = Products;
			sourceTree = "<group>";
		};
		BD4BEDC02063B93D00842DDA /* HITChartSwiftSample */ = {
			isa = PBXGroup;
			children = (
				BD4BEDC12063B93D00842DDA /* AppDelegate.swift */,
				BD4BEDC32063B93D00842DDA /* ViewController.swift */,
				BD4BEDC52063B93D00842DDA /* Main.storyboard */,
				BD4BEDC82063B93D00842DDA /* Assets.xcassets */,
				BD4BEDCA2063B93D00842DDA /* LaunchScreen.storyboard */,
				BD4BEDCD2063B93D00842DDA /* Info.plist */,
			);
			path = HITChartSwiftSample;
			sourceTree = "<group>";
		};
		BDD0726A2064B7FB00D9884F /* Frameworks */ = {
			isa = PBXGroup;
			children = (
				BD9AFB952064FFA20046EE88 /* HITChartSwift.framework */,
			);
			name = Frameworks;
			sourceTree = "<group>";
		};
/* End PBXGroup section */

/* Begin PBXNativeTarget section */
		BD4BEDBD2063B93D00842DDA /* HITChartSwiftSample */ = {
			isa = PBXNativeTarget;
			buildConfigurationList = BD4BEDD02063B93D00842DDA /* Build configuration list for PBXNativeTarget "HITChartSwiftSample" */;
			buildPhases = (
				BD4BEDBA2063B93D00842DDA /* Sources */,
				BD4BEDBB2063B93D00842DDA /* Frameworks */,
				BD4BEDBC2063B93D00842DDA /* Resources */,
			);
			buildRules = (
			);
			dependencies = (
			);
			name = HITChartSwiftSample;
			productName = HITChartSwiftSample;
			productReference = BD4BEDBE2063B93D00842DDA /* HITChartSwiftSample.app */;
			productType = "com.apple.product-type.application";
		};
/* End PBXNativeTarget section */

/* Begin PBXProject section */
		BD4BEDB62063B93D00842DDA /* Project object */ = {
			isa = PBXProject;
			attributes = {
				LastSwiftUpdateCheck = 0920;
				LastUpgradeCheck = 0920;
				ORGANIZATIONNAME = hitsubunnu;
				TargetAttributes = {
					BD4BEDBD2063B93D00842DDA = {
						CreatedOnToolsVersion = 9.2;
						ProvisioningStyle = Automatic;
					};
				};
			};
			buildConfigurationList = BD4BEDB92063B93D00842DDA /* Build configuration list for PBXProject "HITChartSwiftSample" */;
			compatibilityVersion = "Xcode 8.0";
			developmentRegion = en;
			hasScannedForEncodings = 0;
			knownRegions = (
				en,
				Base,
			);
			mainGroup = BD4BEDB52063B93D00842DDA;
			productRefGroup = BD4BEDBF2063B93D00842DDA /* Products */;
			projectDirPath = "";
			projectRoot = "";
			targets = (
				BD4BEDBD2063B93D00842DDA /* HITChartSwiftSample */,
			);
		};
/* End PBXProject section */

/* Begin PBXResourcesBuildPhase section */
		BD4BEDBC2063B93D00842DDA /* Resources */ = {
			isa = PBXResourcesBuildPhase;
			buildActionMask = 2147483647;
			files = (
				BD4BEDCC2063B93D00842DDA /* LaunchScreen.storyboard in Resources */,
				BD4BEDC92063B93D00842DDA /* Assets.xcassets in Resources */,
				BD4BEDC72063B93D00842DDA /* Main.storyboard in Resources */,
			);
			runOnlyForDeploymentPostprocessing = 0;
		};
/* End PBXResourcesBuildPhase section */

/* Begin PBXSourcesBuildPhase section */
		BD4BEDBA2063B93D00842DDA /* Sources */ = {
			isa = PBXSourcesBuildPhase;
			buildActionMask = 2147483647;
			files = (
				BD4BEDC42063B93D00842DDA /* ViewController.swift in Sources */,
				BD4BEDC22063B93D00842DDA /* AppDelegate.swift in Sources */,
			);
			runOnlyForDeploymentPostprocessing = 0;
		};
/* End PBXSourcesBuildPhase section */

/* Begin PBXVariantGroup section */
		BD4BEDC52063B93D00842DDA /* Main.storyboard */ = {
			isa = PBXVariantGroup;
			children = (
				BD4BEDC62063B93D00842DDA /* Base */,
			);
			name = Main.storyboard;
			sourceTree = "<group>";
		};
		BD4BEDCA2063B93D00842DDA /* LaunchScreen.storyboard */ = {
			isa = PBXVariantGroup;
			children = (
				BD4BEDCB2063B93D00842DDA /* Base */,
			);
			name = LaunchScreen.storyboard;
			sourceTree = "<group>";
		};
/* End PBXVariantGroup section */

/* Begin XCBuildConfiguration section */
		BD4BEDCE2063B93D00842DDA /* Debug */ = {
			isa = XCBuildConfiguration;
			buildSettings = {
				ALWAYS_SEARCH_USER_PATHS = NO;
				CLANG_ANALYZER_NONNULL = YES;
				CLANG_ANALYZER_NUMBER_OBJECT_CONVERSION = YES_AGGRESSIVE;
				CLANG_CXX_LANGUAGE_STANDARD = "gnu++14";
				CLANG_CXX_LIBRARY = "libc++";
				CLANG_ENABLE_MODULES = YES;
				CLANG_ENABLE_OBJC_ARC = YES;
				CLANG_WARN_BLOCK_CAPTURE_AUTORELEASING = YES;
				CLANG_WARN_BOOL_CONVERSION = YES;
				CLANG_WARN_COMMA = YES;
				CLANG_WARN_CONSTANT_CONVERSION = YES;
				CLANG_WARN_DIRECT_OBJC_ISA_USAGE = YES_ERROR;
				CLANG_WARN_DOCUMENTATION_COMMENTS = YES;
				CLANG_WARN_EMPTY_BODY = YES;
				CLANG_WARN_ENUM_CONVERSION = YES;
				CLANG_WARN_INFINITE_RECURSION = YES;
				CLANG_WARN_INT_CONVERSION = YES;
				CLANG_WARN_NON_LITERAL_NULL_CONVERSION = YES;
				CLANG_WARN_OBJC_LITERAL_CONVERSION = YES;
				CLANG_WARN_OBJC_ROOT_CLASS = YES_ERROR;
				CLANG_WARN_RANGE_LOOP_ANALYSIS = YES;
				CLANG_WARN_STRICT_PROTOTYPES = YES;
				CLANG_WARN_SUSPICIOUS_MOVE = YES;
				CLANG_WARN_UNGUARDED_AVAILABILITY = YES_AGGRESSIVE;
				CLANG_WARN_UNREACHABLE_CODE = YES;
				CLANG_WARN__DUPLICATE_METHOD_MATCH = YES;
				CODE_SIGN_IDENTITY = "iPhone Developer";
				COPY_PHASE_STRIP = NO;
				DEBUG_INFORMATION_FORMAT = dwarf;
				ENABLE_STRICT_OBJC_MSGSEND = YES;
				ENABLE_TESTABILITY = YES;
				GCC_C_LANGUAGE_STANDARD = gnu11;
				GCC_DYNAMIC_NO_PIC = NO;
				GCC_NO_COMMON_BLOCKS = YES;
				GCC_OPTIMIZATION_LEVEL = 0;
				GCC_PREPROCESSOR_DEFINITIONS = (
					"DEBUG=1",
					"$(inherited)",
				);
				GCC_WARN_64_TO_32_BIT_CONVERSION = YES;
				GCC_WARN_ABOUT_RETURN_TYPE = YES_ERROR;
				GCC_WARN_UNDECLARED_SELECTOR = YES;
				GCC_WARN_UNINITIALIZED_AUTOS = YES_AGGRESSIVE;
				GCC_WARN_UNUSED_FUNCTION = YES;
				GCC_WARN_UNUSED_VARIABLE = YES;
				IPHONEOS_DEPLOYMENT_TARGET = 11.2;
				MTL_ENABLE_DEBUG_INFO = YES;
				ONLY_ACTIVE_ARCH = YES;
				SDKROOT = iphoneos;
				SWIFT_ACTIVE_COMPILATION_CONDITIONS = DEBUG;
				SWIFT_OPTIMIZATION_LEVEL = "-Onone";
			};
			name = Debug;
		};
		BD4BEDCF2063B93D00842DDA /* Release */ = {
			isa = XCBuildConfiguration;
			buildSettings = {
				ALWAYS_SEARCH_USER_PATHS = NO;
				CLANG_ANALYZER_NONNULL = YES;
				CLANG_ANALYZER_NUMBER_OBJECT_CONVERSION = YES_AGGRESSIVE;
				CLANG_CXX_LANGUAGE_STANDARD = "gnu++14";
				CLANG_CXX_LIBRARY = "libc++";
				CLANG_ENABLE_MODULES = YES;
				CLANG_ENABLE_OBJC_ARC = YES;
				CLANG_WARN_BLOCK_CAPTURE_AUTORELEASING = YES;
				CLANG_WARN_BOOL_CONVERSION = YES;
				CLANG_WARN_COMMA = YES;
				CLANG_WARN_CONSTANT_CONVERSION = YES;
				CLANG_WARN_DIRECT_OBJC_ISA_USAGE = YES_ERROR;
				CLANG_WARN_DOCUMENTATION_COMMENTS = YES;
				CLANG_WARN_EMPTY_BODY = YES;
				CLANG_WARN_ENUM_CONVERSION = YES;
				CLANG_WARN_INFINITE_RECURSION = YES;
				CLANG_WARN_INT_CONVERSION = YES;
				CLANG_WARN_NON_LITERAL_NULL_CONVERSION = YES;
				CLANG_WARN_OBJC_LITERAL_CONVERSION = YES;
				CLANG_WARN_OBJC_ROOT_CLASS = YES_ERROR;
				CLANG_WARN_RANGE_LOOP_ANALYSIS = YES;
				CLANG_WARN_STRICT_PROTOTYPES = YES;
				CLANG_WARN_SUSPICIOUS_MOVE = YES;
				CLANG_WARN_UNGUARDED_AVAILABILITY = YES_AGGRESSIVE;
				CLANG_WARN_UNREACHABLE_CODE = YES;
				CLANG_WARN__DUPLICATE_METHOD_MATCH = YES;
				CODE_SIGN_IDENTITY = "iPhone Developer";
				COPY_PHASE_STRIP = NO;
				DEBUG_INFORMATION_FORMAT = "dwarf-with-dsym";
				ENABLE_NS_ASSERTIONS = NO;
				ENABLE_STRICT_OBJC_MSGSEND = YES;
				GCC_C_LANGUAGE_STANDARD = gnu11;
				GCC_NO_COMMON_BLOCKS = YES;
				GCC_WARN_64_TO_32_BIT_CONVERSION = YES;
				GCC_WARN_ABOUT_RETURN_TYPE = YES_ERROR;
				GCC_WARN_UNDECLARED_SELECTOR = YES;
				GCC_WARN_UNINITIALIZED_AUTOS = YES_AGGRESSIVE;
				GCC_WARN_UNUSED_FUNCTION = YES;
				GCC_WARN_UNUSED_VARIABLE = YES;
				IPHONEOS_DEPLOYMENT_TARGET = 11.2;
				MTL_ENABLE_DEBUG_INFO = NO;
				SDKROOT = iphoneos;
				SWIFT_OPTIMIZATION_LEVEL = "-Owholemodule";
				VALIDATE_PRODUCT = YES;
			};
			name = Release;
		};
		BD4BEDD12063B93D00842DDA /* Debug */ = {
			isa = XCBuildConfiguration;
			buildSettings = {
				ASSETCATALOG_COMPILER_APPICON_NAME = AppIcon;
				CODE_SIGN_STYLE = Automatic;
				INFOPLIST_FILE = HITChartSwiftSample/Info.plist;
				LD_RUNPATH_SEARCH_PATHS = "$(inherited) @executable_path/Frameworks";
				PRODUCT_BUNDLE_IDENTIFIER = com.hitsubunnu.HITChartSwiftSample;
				PRODUCT_NAME = "$(TARGET_NAME)";
				SWIFT_VERSION = 4.0;
				TARGETED_DEVICE_FAMILY = "1,2";
			};
			name = Debug;
		};
		BD4BEDD22063B93D00842DDA /* Release */ = {
			isa = XCBuildConfiguration;
			buildSettings = {
				ASSETCATALOG_COMPILER_APPICON_NAME = AppIcon;
				CODE_SIGN_STYLE = Automatic;
				INFOPLIST_FILE = HITChartSwiftSample/Info.plist;
				LD_RUNPATH_SEARCH_PATHS = "$(inherited) @executable_path/Frameworks";
				PRODUCT_BUNDLE_IDENTIFIER = com.hitsubunnu.HITChartSwiftSample;
				PRODUCT_NAME = "$(TARGET_NAME)";
				SWIFT_VERSION = 4.0;
				TARGETED_DEVICE_FAMILY = "1,2";
			};
			name = Release;
		};
/* End XCBuildConfiguration section */

/* Begin XCConfigurationList section */
		BD4BEDB92063B93D00842DDA /* Build configuration list for PBXProject "HITChartSwiftSample" */ = {
			isa = XCConfigurationList;
			buildConfigurations = (
				BD4BEDCE2063B93D00842DDA /* Debug */,
				BD4BEDCF2063B93D00842DDA /* Release */,
			);
			defaultConfigurationIsVisible = 0;
			defaultConfigurationName = Release;
		};
		BD4BEDD02063B93D00842DDA /* Build configuration list for PBXNativeTarget "HITChartSwiftSample" */ = {
			isa = XCConfigurationList;
			buildConfigurations = (
				BD4BEDD12063B93D00842DDA /* Debug */,
				BD4BEDD22063B93D00842DDA /* Release */,
			);
			defaultConfigurationIsVisible = 0;
			defaultConfigurationName = Release;
		};
/* End XCConfigurationList section */
	};
	rootObject = BD4BEDB62063B93D00842DDA /* Project object */;
}
